
Microsoft Visual Studio Solution File, Format Version 12.00
# Visual Studio Version 16
VisualStudioVersion = 16.0.28315.86
MinimumVisualStudioVersion = 10.0.40219.1
Project("{9A19103F-16F7-4668-BE54-9A1E7A4F7556}") = "MicroStationTagExplorer", "src\MicroStationTagExplorer\MicroStationTagExplorer.csproj", "{59F5B5F5-2569-4263-9E94-D53DA097FCAD}"
EndProject
Project("{2150E333-8FDC-42A3-9474-1A3956D46DE8}") = "build", "build", "{9902A49C-859A-4D9A-9AF6-FB339F6111F6}"
	ProjectSection(SolutionItems) = preProject
		.editorconfig = .editorconfig
		.nuke = .nuke
		build.ps1 = build.ps1
		build.sh = build.sh
		global.json = global.json
	EndProjectSection
EndProject
Project("{2150E333-8FDC-42A3-9474-1A3956D46DE8}") = "docs", "docs", "{65DBC338-AE3B-4D7C-ACF6-27396E36399A}"
	ProjectSection(SolutionItems) = preProject
		LICENSE.TXT = LICENSE.TXT
		README.md = README.md
	EndProjectSection
EndProject
Project("{2150E333-8FDC-42A3-9474-1A3956D46DE8}") = "src", "src", "{B9D9DF55-9942-4B6C-8888-04A1A9796F28}"
EndProject
Project("{2150E333-8FDC-42A3-9474-1A3956D46DE8}") = "git", "git", "{F28555CF-1400-475F-961A-2E7526007721}"
	ProjectSection(SolutionItems) = preProject
		.gitattributes = .gitattributes
		.gitignore = .gitignore
	EndProjectSection
EndProject
Project("{2150E333-8FDC-42A3-9474-1A3956D46DE8}") = "nuget", "nuget", "{4FAF7F3F-9388-4816-9F5E-9DCC36C1FE9B}"
	ProjectSection(SolutionItems) = preProject
		NuGet.Config = NuGet.Config
	EndProjectSection
EndProject
Project("{2150E333-8FDC-42A3-9474-1A3956D46DE8}") = "props", "props", "{4040A339-594D-435E-BEEB-2E5E435BD5E9}"
	ProjectSection(SolutionItems) = preProject
		build\Base.props = build\Base.props
		build\ReferenceAssemblies.props = build\ReferenceAssemblies.props
		build\XUnit.props = build\XUnit.props
	EndProjectSection
EndProject
Project("{9A19103F-16F7-4668-BE54-9A1E7A4F7556}") = "_build", "build\build\_build.csproj", "{07E23276-AB9E-4245-8869-A2B681AD602B}"
EndProject
Project("{2150E333-8FDC-42A3-9474-1A3956D46DE8}") = "tests", "tests", "{2AC39F2C-836C-4164-AA27-3FACD19DE671}"
EndProject
Project("{9A19103F-16F7-4668-BE54-9A1E7A4F7556}") = "MicroStationTagExplorer.UnitTests", "tests\MicroStationTagExplorer.UnitTests\MicroStationTagExplorer.UnitTests.csproj", "{E820A33A-50E5-4BE5-AFD9-3B61CB04068E}"
EndProject
Global
	GlobalSection(SolutionConfigurationPlatforms) = preSolution
		Debug|Any CPU = Debug|Any CPU
		Release|Any CPU = Release|Any CPU
	EndGlobalSection
	GlobalSection(ProjectConfigurationPlatforms) = postSolution
		{59F5B5F5-2569-4263-9E94-D53DA097FCAD}.Debug|Any CPU.ActiveCfg = Debug|Any CPU
		{59F5B5F5-2569-4263-9E94-D53DA097FCAD}.Debug|Any CPU.Build.0 = Debug|Any CPU
		{59F5B5F5-2569-4263-9E94-D53DA097FCAD}.Release|Any CPU.ActiveCfg = Release|Any CPU
		{59F5B5F5-2569-4263-9E94-D53DA097FCAD}.Release|Any CPU.Build.0 = Release|Any CPU
		{07E23276-AB9E-4245-8869-A2B681AD602B}.Debug|Any CPU.ActiveCfg = Debug|Any CPU
		{07E23276-AB9E-4245-8869-A2B681AD602B}.Debug|Any CPU.Build.0 = Debug|Any CPU
		{07E23276-AB9E-4245-8869-A2B681AD602B}.Release|Any CPU.ActiveCfg = Release|Any CPU
		{07E23276-AB9E-4245-8869-A2B681AD602B}.Release|Any CPU.Build.0 = Release|Any CPU
		{E820A33A-50E5-4BE5-AFD9-3B61CB04068E}.Debug|Any CPU.ActiveCfg = Debug|Any CPU
		{E820A33A-50E5-4BE5-AFD9-3B61CB04068E}.Debug|Any CPU.Build.0 = Debug|Any CPU
		{E820A33A-50E5-4BE5-AFD9-3B61CB04068E}.Release|Any CPU.ActiveCfg = Release|Any CPU
		{E820A33A-50E5-4BE5-AFD9-3B61CB04068E}.Release|Any CPU.Build.0 = Release|Any CPU
	EndGlobalSection
	GlobalSection(SolutionProperties) = preSolution
		HideSolutionNode = FALSE
	EndGlobalSection
	GlobalSection(NestedProjects) = preSolution
		{59F5B5F5-2569-4263-9E94-D53DA097FCAD} = {B9D9DF55-9942-4B6C-8888-04A1A9796F28}
		{F28555CF-1400-475F-961A-2E7526007721} = {9902A49C-859A-4D9A-9AF6-FB339F6111F6}
		{4FAF7F3F-9388-4816-9F5E-9DCC36C1FE9B} = {9902A49C-859A-4D9A-9AF6-FB339F6111F6}
		{4040A339-594D-435E-BEEB-2E5E435BD5E9} = {9902A49C-859A-4D9A-9AF6-FB339F6111F6}
		{07E23276-AB9E-4245-8869-A2B681AD602B} = {9902A49C-859A-4D9A-9AF6-FB339F6111F6}
		{E820A33A-50E5-4BE5-AFD9-3B61CB04068E} = {2AC39F2C-836C-4164-AA27-3FACD19DE671}
	EndGlobalSection
	GlobalSection(ExtensibilityGlobals) = postSolution
		SolutionGuid = {4E264536-B566-4146-96C3-B6A810B59EB8}
	EndGlobalSection
EndGlobal
